
Microsoft Visual Studio Solution File, Format Version 12.00
# Visual Studio Version 16
VisualStudioVersion = 16.0.29123.88
MinimumVisualStudioVersion = 10.0.40219.1
Project("{FAE04EC0-301F-11D3-BF4B-00C04F79EFBC}") = "INV_Project", "INV_Project.csproj", "{3F9A14B2-F779-4FE0-ABCF-E2FF11865259}"
EndProject
Global
	GlobalSection(SolutionConfigurationPlatforms) = preSolution
		Debug|Any CPU = Debug|Any CPU
		Release|Any CPU = Release|Any CPU
	EndGlobalSection
	GlobalSection(ProjectConfigurationPlatforms) = postSolution
		{3F9A14B2-F779-4FE0-ABCF-E2FF11865259}.Debug|Any CPU.ActiveCfg = Debug|Any CPU
		{3F9A14B2-F779-4FE0-ABCF-E2FF11865259}.Debug|Any CPU.Build.0 = Debug|Any CPU
		{3F9A14B2-F779-4FE0-ABCF-E2FF11865259}.Release|Any CPU.ActiveCfg = Release|Any CPU
		{3F9A14B2-F779-4FE0-ABCF-E2FF11865259}.Release|Any CPU.Build.0 = Release|Any CPU
	EndGlobalSection
	GlobalSection(SolutionProperties) = preSolution
		HideSolutionNode = FALSE
	EndGlobalSection
	GlobalSection(ExtensibilityGlobals) = postSolution
		SolutionGuid = {3A6E3D20-695C-4B12-966F-4E193A519B2C}
	EndGlobalSection
EndGlobal
